
Microsoft Visual Studio Solution File, Format Version 12.00
# Visual Studio 14
VisualStudioVersion = 14.0.24720.0
MinimumVisualStudioVersion = 10.0.40219.1
Project("{FAE04EC0-301F-11D3-BF4B-00C04F79EFBC}") = "WcfServiceWolframAlpha", "WcfServiceWolframAlpha\WcfServiceWolframAlpha.csproj", "{A8244D90-6571-429A-A280-23654B8B29A9}"
EndProject
Project("{FAE04EC0-301F-11D3-BF4B-00C04F79EFBC}") = "WcfServiceLibraryWolfram", "WcfServiceLibraryWolfram\WcfServiceLibraryWolfram.csproj", "{227BBEFF-BF39-4F4C-90B5-521904429A34}"
EndProject
Project("{FAE04EC0-301F-11D3-BF4B-00C04F79EFBC}") = "ConsoleApplication1", "ConsoleApplication1\ConsoleApplication1.csproj", "{DE450DED-9378-4490-A8AD-15AEC6EA18B0}"
EndProject
Global
	GlobalSection(SolutionConfigurationPlatforms) = preSolution
		Debug|Any CPU = Debug|Any CPU
		Release|Any CPU = Release|Any CPU
	EndGlobalSection
	GlobalSection(ProjectConfigurationPlatforms) = postSolution
		{A8244D90-6571-429A-A280-23654B8B29A9}.Debug|Any CPU.ActiveCfg = Debug|Any CPU
		{A8244D90-6571-429A-A280-23654B8B29A9}.Debug|Any CPU.Build.0 = Debug|Any CPU
		{A8244D90-6571-429A-A280-23654B8B29A9}.Release|Any CPU.ActiveCfg = Release|Any CPU
		{A8244D90-6571-429A-A280-23654B8B29A9}.Release|Any CPU.Build.0 = Release|Any CPU
		{227BBEFF-BF39-4F4C-90B5-521904429A34}.Debug|Any CPU.ActiveCfg = Debug|Any CPU
		{227BBEFF-BF39-4F4C-90B5-521904429A34}.Debug|Any CPU.Build.0 = Debug|Any CPU
		{227BBEFF-BF39-4F4C-90B5-521904429A34}.Release|Any CPU.ActiveCfg = Release|Any CPU
		{227BBEFF-BF39-4F4C-90B5-521904429A34}.Release|Any CPU.Build.0 = Release|Any CPU
		{DE450DED-9378-4490-A8AD-15AEC6EA18B0}.Debug|Any CPU.ActiveCfg = Debug|Any CPU
		{DE450DED-9378-4490-A8AD-15AEC6EA18B0}.Debug|Any CPU.Build.0 = Debug|Any CPU
		{DE450DED-9378-4490-A8AD-15AEC6EA18B0}.Release|Any CPU.ActiveCfg = Release|Any CPU
		{DE450DED-9378-4490-A8AD-15AEC6EA18B0}.Release|Any CPU.Build.0 = Release|Any CPU
	EndGlobalSection
	GlobalSection(SolutionProperties) = preSolution
		HideSolutionNode = FALSE
	EndGlobalSection
EndGlobal
